<?xml version="1.0" encoding="UTF-8"?>
<Scheme
   LastUpgradeVersion = "1020"
   version = "1.7">
   <BuildAction
      parallelizeBuildables = "YES"
      buildImplicitDependencies = "YES">
      <BuildActionEntries>
         <BuildActionEntry
            buildForTesting = "YES"
            buildForRunning = "YES"
            buildForProfiling = "YES"
            buildForArchiving = "YES"
            buildForAnalyzing = "YES">
            <BuildableReference
               BuildableIdentifier = "primary"
               BlueprintIdentifier = "0AC8EF4A1F71826200E86DD6"
               BuildableName = "FieldApp.app"
               BlueprintName = "FieldApp"
               ReferencedContainer = "container:FieldApp.xcodeproj">
            </BuildableReference>
         </BuildActionEntry>
         <BuildActionEntry
            buildForTesting = "YES"
            buildForRunning = "NO"
            buildForProfiling = "NO"
            buildForArchiving = "NO"
            buildForAnalyzing = "NO">
            <BuildableReference
               BuildableIdentifier = "primary"
               BlueprintIdentifier = "0AC8EF5E1F71826200E86DD6"
               BuildableName = "FieldAppTests.xctest"
               BlueprintName = "FieldAppTests"
               ReferencedContainer = "container:FieldApp.xcodeproj">
            </BuildableReference>
         </BuildActionEntry>
      </BuildActionEntries>
   </BuildAction>
   <TestAction
      buildConfiguration = "Debug"
      selectedDebuggerIdentifier = "Xcode.DebuggerFoundation.Debugger.LLDB"
      selectedLauncherIdentifier = "Xcode.DebuggerFoundation.Launcher.LLDB"
      codeCoverageEnabled = "YES"
      shouldUseLaunchSchemeArgsEnv = "YES">
      <Testables>
         <TestableReference
            skipped = "NO">
            <BuildableReference
               BuildableIdentifier = "primary"
               BlueprintIdentifier = "0AC8EF691F71826200E86DD6"
               BuildableName = "FieldAppUITests.xctest"
               BlueprintName = "FieldAppUITests"
               ReferencedContainer = "container:FieldApp.xcodeproj">
            </BuildableReference>
            <SkippedTests>
               <Test
                  Identifier = "FieldAppUITests/testCOandAutoCompletePOfields()">
               </Test>
               <Test
                  Identifier = "FieldAppUITests/testCOcompleteToCameraVw()">
               </Test>
               <Test
                  Identifier = "FieldAppUITests/testEmployeeIDentryVC()">
               </Test>
               <Test
                  Identifier = "FieldAppUITests/testExample()">
               </Test>
               <Test
                  Identifier = "FieldAppUITests/testHomeVw()">
               </Test>
               <Test
                  Identifier = "FieldAppUITests/testSchedule()">
               </Test>
               <Test
                  Identifier = "FieldAppUITests/testSuppliesReq()">
               </Test>
               <Test
                  Identifier = "FieldAppUITests/testToolRental()">
               </Test>
            </SkippedTests>
         </TestableReference>
      </Testables>
      <MacroExpansion>
         <BuildableReference
            BuildableIdentifier = "primary"
            BlueprintIdentifier = "0AC8EF4A1F71826200E86DD6"
            BuildableName = "FieldApp.app"
            BlueprintName = "FieldApp"
            ReferencedContainer = "container:FieldApp.xcodeproj">
         </BuildableReference>
      </MacroExpansion>
      <AdditionalOptions>
      </AdditionalOptions>
   </TestAction>
   <LaunchAction
      buildConfiguration = "Debug"
      selectedDebuggerIdentifier = ""
      selectedLauncherIdentifier = "Xcode.IDEFoundation.Launcher.PosixSpawn"
      launchStyle = "0"
      useCustomWorkingDirectory = "NO"
      ignoresPersistentStateOnLaunch = "NO"
      debugDocumentVersioning = "YES"
      debugServiceExtension = "internal"
      allowLocationSimulation = "YES">
      <BuildableProductRunnable
         runnableDebuggingMode = "0">
         <BuildableReference
            BuildableIdentifier = "primary"
            BlueprintIdentifier = "0AC8EF4A1F71826200E86DD6"
            BuildableName = "FieldApp.app"
            BlueprintName = "FieldApp"
            ReferencedContainer = "container:FieldApp.xcodeproj">
         </BuildableReference>
      </BuildableProductRunnable>
      <AdditionalOptions>
      </AdditionalOptions>
      <LocationScenarioReference
         identifier = "../default.gpx"
         referenceType = "0">
      </LocationScenarioReference>
   </LaunchAction>
   <ProfileAction
      buildConfiguration = "Debug"
      shouldUseLaunchSchemeArgsEnv = "YES"
      savedToolIdentifier = ""
      useCustomWorkingDirectory = "NO"
      debugDocumentVersioning = "YES">
      <BuildableProductRunnable
         runnableDebuggingMode = "0">
         <BuildableReference
            BuildableIdentifier = "primary"
            BlueprintIdentifier = "0AC8EF4A1F71826200E86DD6"
            BuildableName = "FieldApp.app"
            BlueprintName = "FieldApp"
            ReferencedContainer = "container:FieldApp.xcodeproj">
         </BuildableReference>
      </BuildableProductRunnable>
   </ProfileAction>
   <AnalyzeAction
      buildConfiguration = "Debug">
   </AnalyzeAction>
   <ArchiveAction
      buildConfiguration = "Release"
      revealArchiveInOrganizer = "YES">
   </ArchiveAction>
</Scheme>
