// !$*UTF8*$!
{
	archiveVersion = 1;
	classes = {
	};
	objectVersion = 46;
	objects = {

/* Begin PBXBuildFile section */
		06B7D4911FEAE42300DB5DA5 /* EmployeeIDEntry.swift in Sources */ = {isa = PBXBuildFile; fileRef = 06B7D4901FEAE42300DB5DA5 /* EmployeeIDEntry.swift */; };
		0AB8AE7E1F7ABE5800E1ACFC /* HomeView.swift in Sources */ = {isa = PBXBuildFile; fileRef = 0AB8AE7D1F7ABE5800E1ACFC /* HomeView.swift */; };
		0AB8AE851F7AC80900E1ACFC /* GoogleService-Info.plist in Resources */ = {isa = PBXBuildFile; fileRef = 0AB8AE841F7AC74E00E1ACFC /* GoogleService-Info.plist */; };
		0AC8EF4F1F71826200E86DD6 /* AppDelegate.swift in Sources */ = {isa = PBXBuildFile; fileRef = 0AC8EF4E1F71826200E86DD6 /* AppDelegate.swift */; };
		0AC8EF511F71826200E86DD6 /* LoginViewController.swift in Sources */ = {isa = PBXBuildFile; fileRef = 0AC8EF501F71826200E86DD6 /* LoginViewController.swift */; };
		0AC8EF541F71826200E86DD6 /* Main.storyboard in Resources */ = {isa = PBXBuildFile; fileRef = 0AC8EF521F71826200E86DD6 /* Main.storyboard */; };
		0AC8EF561F71826200E86DD6 /* Assets.xcassets in Resources */ = {isa = PBXBuildFile; fileRef = 0AC8EF551F71826200E86DD6 /* Assets.xcassets */; };
		0AC8EF591F71826200E86DD6 /* LaunchScreen.storyboard in Resources */ = {isa = PBXBuildFile; fileRef = 0AC8EF571F71826200E86DD6 /* LaunchScreen.storyboard */; };
		0AC8EF641F71826200E86DD6 /* FieldAppTests.swift in Sources */ = {isa = PBXBuildFile; fileRef = 0AC8EF631F71826200E86DD6 /* FieldAppTests.swift */; };
		0AC8EF6F1F71826200E86DD6 /* FieldAppUITests.swift in Sources */ = {isa = PBXBuildFile; fileRef = 0AC8EF6E1F71826200E86DD6 /* FieldAppUITests.swift */; };
		0AC8EF7D1F71842F00E86DD6 /* LocationManager.swift in Sources */ = {isa = PBXBuildFile; fileRef = 0AC8EF7C1F71842F00E86DD6 /* LocationManager.swift */; };
		0AC8EF7F1F71854C00E86DD6 /* DataStructure.swift in Sources */ = {isa = PBXBuildFile; fileRef = 0AC8EF7E1F71854C00E86DD6 /* DataStructure.swift */; };
		0AC8EF811F71E31000E86DD6 /* GeoCodingAPIcall.swift in Sources */ = {isa = PBXBuildFile; fileRef = 0AC8EF801F71E31000E86DD6 /* GeoCodingAPIcall.swift */; };
		0AC8EF831F71E69400E86DD6 /* APICalls.swift in Sources */ = {isa = PBXBuildFile; fileRef = 0AC8EF821F71E69400E86DD6 /* APICalls.swift */; };
		2F4D7BF475FD4EE1F885BF52 /* Pods_FieldAppUITests.framework in Frameworks */ = {isa = PBXBuildFile; fileRef = 7181653153D0F18EBA34A99C /* Pods_FieldAppUITests.framework */; };
		5CC99E1036DD650DF02B24A3 /* Pods_FieldAppTests.framework in Frameworks */ = {isa = PBXBuildFile; fileRef = 7E5FF5170009DCF06A1F5DCB /* Pods_FieldAppTests.framework */; };
		6ACBCB87FBCD97C26FE570A8 /* Pods_FieldApp.framework in Frameworks */ = {isa = PBXBuildFile; fileRef = F19D11D58E9D802CF19CB069 /* Pods_FieldApp.framework */; };
/* End PBXBuildFile section */

/* Begin PBXContainerItemProxy section */
		0AC8EF601F71826200E86DD6 /* PBXContainerItemProxy */ = {
			isa = PBXContainerItemProxy;
			containerPortal = 0AC8EF431F71826200E86DD6 /* Project object */;
			proxyType = 1;
			remoteGlobalIDString = 0AC8EF4A1F71826200E86DD6;
			remoteInfo = FieldApp;
		};
		0AC8EF6B1F71826200E86DD6 /* PBXContainerItemProxy */ = {
			isa = PBXContainerItemProxy;
			containerPortal = 0AC8EF431F71826200E86DD6 /* Project object */;
			proxyType = 1;
			remoteGlobalIDString = 0AC8EF4A1F71826200E86DD6;
			remoteInfo = FieldApp;
		};
/* End PBXContainerItemProxy section */

/* Begin PBXFileReference section */
		06B7D4901FEAE42300DB5DA5 /* EmployeeIDEntry.swift */ = {isa = PBXFileReference; lastKnownFileType = sourcecode.swift; path = EmployeeIDEntry.swift; sourceTree = "<group>"; };
		0AB8AE7C1F7AB86500E1ACFC /* FieldApp.entitlements */ = {isa = PBXFileReference; lastKnownFileType = text.plist.entitlements; path = FieldApp.entitlements; sourceTree = "<group>"; };
		0AB8AE7D1F7ABE5800E1ACFC /* HomeView.swift */ = {isa = PBXFileReference; lastKnownFileType = sourcecode.swift; path = HomeView.swift; sourceTree = "<group>"; };
		0AB8AE841F7AC74E00E1ACFC /* GoogleService-Info.plist */ = {isa = PBXFileReference; lastKnownFileType = text.plist.xml; path = "GoogleService-Info.plist"; sourceTree = "<group>"; };
		0AC8EF4B1F71826200E86DD6 /* FieldApp.app */ = {isa = PBXFileReference; explicitFileType = wrapper.application; includeInIndex = 0; path = FieldApp.app; sourceTree = BUILT_PRODUCTS_DIR; };
		0AC8EF4E1F71826200E86DD6 /* AppDelegate.swift */ = {isa = PBXFileReference; lastKnownFileType = sourcecode.swift; path = AppDelegate.swift; sourceTree = "<group>"; };
		0AC8EF501F71826200E86DD6 /* LoginViewController.swift */ = {isa = PBXFileReference; lastKnownFileType = sourcecode.swift; path = LoginViewController.swift; sourceTree = "<group>"; };
		0AC8EF531F71826200E86DD6 /* Base */ = {isa = PBXFileReference; lastKnownFileType = file.storyboard; name = Base; path = Base.lproj/Main.storyboard; sourceTree = "<group>"; };
		0AC8EF551F71826200E86DD6 /* Assets.xcassets */ = {isa = PBXFileReference; lastKnownFileType = folder.assetcatalog; path = Assets.xcassets; sourceTree = "<group>"; };
		0AC8EF581F71826200E86DD6 /* Base */ = {isa = PBXFileReference; lastKnownFileType = file.storyboard; name = Base; path = Base.lproj/LaunchScreen.storyboard; sourceTree = "<group>"; };
		0AC8EF5A1F71826200E86DD6 /* Info.plist */ = {isa = PBXFileReference; lastKnownFileType = text.plist.xml; path = Info.plist; sourceTree = "<group>"; };
		0AC8EF5F1F71826200E86DD6 /* FieldAppTests.xctest */ = {isa = PBXFileReference; explicitFileType = wrapper.cfbundle; includeInIndex = 0; path = FieldAppTests.xctest; sourceTree = BUILT_PRODUCTS_DIR; };
		0AC8EF631F71826200E86DD6 /* FieldAppTests.swift */ = {isa = PBXFileReference; lastKnownFileType = sourcecode.swift; path = FieldAppTests.swift; sourceTree = "<group>"; };
		0AC8EF651F71826200E86DD6 /* Info.plist */ = {isa = PBXFileReference; lastKnownFileType = text.plist.xml; path = Info.plist; sourceTree = "<group>"; };
		0AC8EF6A1F71826200E86DD6 /* FieldAppUITests.xctest */ = {isa = PBXFileReference; explicitFileType = wrapper.cfbundle; includeInIndex = 0; path = FieldAppUITests.xctest; sourceTree = BUILT_PRODUCTS_DIR; };
		0AC8EF6E1F71826200E86DD6 /* FieldAppUITests.swift */ = {isa = PBXFileReference; lastKnownFileType = sourcecode.swift; path = FieldAppUITests.swift; sourceTree = "<group>"; };
		0AC8EF701F71826200E86DD6 /* Info.plist */ = {isa = PBXFileReference; lastKnownFileType = text.plist.xml; path = Info.plist; sourceTree = "<group>"; };
		0AC8EF7C1F71842F00E86DD6 /* LocationManager.swift */ = {isa = PBXFileReference; fileEncoding = 4; lastKnownFileType = sourcecode.swift; name = LocationManager.swift; path = LocationManager/LocationManager.swift; sourceTree = "<group>"; };
		0AC8EF7E1F71854C00E86DD6 /* DataStructure.swift */ = {isa = PBXFileReference; fileEncoding = 4; lastKnownFileType = sourcecode.swift; path = DataStructure.swift; sourceTree = "<group>"; };
		0AC8EF801F71E31000E86DD6 /* GeoCodingAPIcall.swift */ = {isa = PBXFileReference; fileEncoding = 4; lastKnownFileType = sourcecode.swift; path = GeoCodingAPIcall.swift; sourceTree = "<group>"; };
		0AC8EF821F71E69400E86DD6 /* APICalls.swift */ = {isa = PBXFileReference; fileEncoding = 4; lastKnownFileType = sourcecode.swift; path = APICalls.swift; sourceTree = "<group>"; };
		1E2024522E793B4144CFC3AA /* Pods-FieldAppTests.debug.xcconfig */ = {isa = PBXFileReference; includeInIndex = 1; lastKnownFileType = text.xcconfig; name = "Pods-FieldAppTests.debug.xcconfig"; path = "Pods/Target Support Files/Pods-FieldAppTests/Pods-FieldAppTests.debug.xcconfig"; sourceTree = "<group>"; };
		24A6F559D4010D6CA18EDEC4 /* Pods-FieldAppUITests.debug.xcconfig */ = {isa = PBXFileReference; includeInIndex = 1; lastKnownFileType = text.xcconfig; name = "Pods-FieldAppUITests.debug.xcconfig"; path = "Pods/Target Support Files/Pods-FieldAppUITests/Pods-FieldAppUITests.debug.xcconfig"; sourceTree = "<group>"; };
		7181653153D0F18EBA34A99C /* Pods_FieldAppUITests.framework */ = {isa = PBXFileReference; explicitFileType = wrapper.framework; includeInIndex = 0; path = Pods_FieldAppUITests.framework; sourceTree = BUILT_PRODUCTS_DIR; };
		7E5FF5170009DCF06A1F5DCB /* Pods_FieldAppTests.framework */ = {isa = PBXFileReference; explicitFileType = wrapper.framework; includeInIndex = 0; path = Pods_FieldAppTests.framework; sourceTree = BUILT_PRODUCTS_DIR; };
		9AFACD789E909EE0A8C92ECD /* Pods-FieldAppUITests.release.xcconfig */ = {isa = PBXFileReference; includeInIndex = 1; lastKnownFileType = text.xcconfig; name = "Pods-FieldAppUITests.release.xcconfig"; path = "Pods/Target Support Files/Pods-FieldAppUITests/Pods-FieldAppUITests.release.xcconfig"; sourceTree = "<group>"; };
		B2EC9BA5659450164CA78ABF /* Pods-FieldAppTests.release.xcconfig */ = {isa = PBXFileReference; includeInIndex = 1; lastKnownFileType = text.xcconfig; name = "Pods-FieldAppTests.release.xcconfig"; path = "Pods/Target Support Files/Pods-FieldAppTests/Pods-FieldAppTests.release.xcconfig"; sourceTree = "<group>"; };
		B4D63B4BDCF74205CB4D44B8 /* Pods-FieldApp.release.xcconfig */ = {isa = PBXFileReference; includeInIndex = 1; lastKnownFileType = text.xcconfig; name = "Pods-FieldApp.release.xcconfig"; path = "Pods/Target Support Files/Pods-FieldApp/Pods-FieldApp.release.xcconfig"; sourceTree = "<group>"; };
		F19D11D58E9D802CF19CB069 /* Pods_FieldApp.framework */ = {isa = PBXFileReference; explicitFileType = wrapper.framework; includeInIndex = 0; path = Pods_FieldApp.framework; sourceTree = BUILT_PRODUCTS_DIR; };
		F2DDCA78CAE8AD06021AFC20 /* Pods-FieldApp.debug.xcconfig */ = {isa = PBXFileReference; includeInIndex = 1; lastKnownFileType = text.xcconfig; name = "Pods-FieldApp.debug.xcconfig"; path = "Pods/Target Support Files/Pods-FieldApp/Pods-FieldApp.debug.xcconfig"; sourceTree = "<group>"; };
/* End PBXFileReference section */

/* Begin PBXFrameworksBuildPhase section */
		0AC8EF481F71826200E86DD6 /* Frameworks */ = {
			isa = PBXFrameworksBuildPhase;
			buildActionMask = 2147483647;
			files = (
				6ACBCB87FBCD97C26FE570A8 /* Pods_FieldApp.framework in Frameworks */,
			);
			runOnlyForDeploymentPostprocessing = 0;
		};
		0AC8EF5C1F71826200E86DD6 /* Frameworks */ = {
			isa = PBXFrameworksBuildPhase;
			buildActionMask = 2147483647;
			files = (
				5CC99E1036DD650DF02B24A3 /* Pods_FieldAppTests.framework in Frameworks */,
			);
			runOnlyForDeploymentPostprocessing = 0;
		};
		0AC8EF671F71826200E86DD6 /* Frameworks */ = {
			isa = PBXFrameworksBuildPhase;
			buildActionMask = 2147483647;
			files = (
				2F4D7BF475FD4EE1F885BF52 /* Pods_FieldAppUITests.framework in Frameworks */,
			);
			runOnlyForDeploymentPostprocessing = 0;
		};
/* End PBXFrameworksBuildPhase section */

/* Begin PBXGroup section */
		0AC8EF421F71826200E86DD6 = {
			isa = PBXGroup;
			children = (
				0AB8AE841F7AC74E00E1ACFC /* GoogleService-Info.plist */,
				0AC8EF4D1F71826200E86DD6 /* FieldApp */,
				0AC8EF621F71826200E86DD6 /* FieldAppTests */,
				0AC8EF6D1F71826200E86DD6 /* FieldAppUITests */,
				0AC8EF4C1F71826200E86DD6 /* Products */,
				BA1CBBC9C96A2E93D8E13951 /* Pods */,
				4504DF052AA8FCB5FA367516 /* Frameworks */,
			);
			sourceTree = "<group>";
		};
		0AC8EF4C1F71826200E86DD6 /* Products */ = {
			isa = PBXGroup;
			children = (
				0AC8EF4B1F71826200E86DD6 /* FieldApp.app */,
				0AC8EF5F1F71826200E86DD6 /* FieldAppTests.xctest */,
				0AC8EF6A1F71826200E86DD6 /* FieldAppUITests.xctest */,
			);
			name = Products;
			sourceTree = "<group>";
		};
		0AC8EF4D1F71826200E86DD6 /* FieldApp */ = {
			isa = PBXGroup;
			children = (
				0AB8AE7C1F7AB86500E1ACFC /* FieldApp.entitlements */,
				0AC8EF821F71E69400E86DD6 /* APICalls.swift */,
				0AC8EF4E1F71826200E86DD6 /* AppDelegate.swift */,
				0AC8EF7E1F71854C00E86DD6 /* DataStructure.swift */,
				06B7D4901FEAE42300DB5DA5 /* EmployeeIDEntry.swift */,
				0AB8AE7D1F7ABE5800E1ACFC /* HomeView.swift */,
				0AC8EF501F71826200E86DD6 /* LoginViewController.swift */,
				0AC8EF7C1F71842F00E86DD6 /* LocationManager.swift */,
				0AC8EF801F71E31000E86DD6 /* GeoCodingAPIcall.swift */,
				0AC8EF521F71826200E86DD6 /* Main.storyboard */,
				0AC8EF551F71826200E86DD6 /* Assets.xcassets */,
				0AC8EF571F71826200E86DD6 /* LaunchScreen.storyboard */,
				0AC8EF5A1F71826200E86DD6 /* Info.plist */,
			);
			path = FieldApp;
			sourceTree = "<group>";
		};
		0AC8EF621F71826200E86DD6 /* FieldAppTests */ = {
			isa = PBXGroup;
			children = (
				0AC8EF631F71826200E86DD6 /* FieldAppTests.swift */,
				0AC8EF651F71826200E86DD6 /* Info.plist */,
			);
			path = FieldAppTests;
			sourceTree = "<group>";
		};
		0AC8EF6D1F71826200E86DD6 /* FieldAppUITests */ = {
			isa = PBXGroup;
			children = (
				0AC8EF6E1F71826200E86DD6 /* FieldAppUITests.swift */,
				0AC8EF701F71826200E86DD6 /* Info.plist */,
			);
			path = FieldAppUITests;
			sourceTree = "<group>";
		};
		4504DF052AA8FCB5FA367516 /* Frameworks */ = {
			isa = PBXGroup;
			children = (
				F19D11D58E9D802CF19CB069 /* Pods_FieldApp.framework */,
				7E5FF5170009DCF06A1F5DCB /* Pods_FieldAppTests.framework */,
				7181653153D0F18EBA34A99C /* Pods_FieldAppUITests.framework */,
			);
			name = Frameworks;
			sourceTree = "<group>";
		};
		BA1CBBC9C96A2E93D8E13951 /* Pods */ = {
			isa = PBXGroup;
			children = (
				F2DDCA78CAE8AD06021AFC20 /* Pods-FieldApp.debug.xcconfig */,
				B4D63B4BDCF74205CB4D44B8 /* Pods-FieldApp.release.xcconfig */,
				1E2024522E793B4144CFC3AA /* Pods-FieldAppTests.debug.xcconfig */,
				B2EC9BA5659450164CA78ABF /* Pods-FieldAppTests.release.xcconfig */,
				24A6F559D4010D6CA18EDEC4 /* Pods-FieldAppUITests.debug.xcconfig */,
				9AFACD789E909EE0A8C92ECD /* Pods-FieldAppUITests.release.xcconfig */,
			);
			name = Pods;
			sourceTree = "<group>";
		};
/* End PBXGroup section */

/* Begin PBXNativeTarget section */
		0AC8EF4A1F71826200E86DD6 /* FieldApp */ = {
			isa = PBXNativeTarget;
			buildConfigurationList = 0AC8EF731F71826200E86DD6 /* Build configuration list for PBXNativeTarget "FieldApp" */;
			buildPhases = (
				E30E310CECD4C1E24AD31F4C /* [CP] Check Pods Manifest.lock */,
				0AC8EF471F71826200E86DD6 /* Sources */,
				0AC8EF481F71826200E86DD6 /* Frameworks */,
				0AC8EF491F71826200E86DD6 /* Resources */,
				066948B4178A702CA3C66695 /* [CP] Embed Pods Frameworks */,
				1E22205A05D6EC6442C24F53 /* [CP] Copy Pods Resources */,
			);
			buildRules = (
			);
			dependencies = (
			);
			name = FieldApp;
			productName = FieldApp;
			productReference = 0AC8EF4B1F71826200E86DD6 /* FieldApp.app */;
			productType = "com.apple.product-type.application";
		};
		0AC8EF5E1F71826200E86DD6 /* FieldAppTests */ = {
			isa = PBXNativeTarget;
			buildConfigurationList = 0AC8EF761F71826200E86DD6 /* Build configuration list for PBXNativeTarget "FieldAppTests" */;
			buildPhases = (
				9B8C5C32649AC626B3227309 /* [CP] Check Pods Manifest.lock */,
				0AC8EF5B1F71826200E86DD6 /* Sources */,
				0AC8EF5C1F71826200E86DD6 /* Frameworks */,
				0AC8EF5D1F71826200E86DD6 /* Resources */,
				19D8E3F04EE6B20C1B16196E /* [CP] Embed Pods Frameworks */,
				A427E0C7FE8FF3359E4AC2C7 /* [CP] Copy Pods Resources */,
			);
			buildRules = (
			);
			dependencies = (
				0AC8EF611F71826200E86DD6 /* PBXTargetDependency */,
			);
			name = FieldAppTests;
			productName = FieldAppTests;
			productReference = 0AC8EF5F1F71826200E86DD6 /* FieldAppTests.xctest */;
			productType = "com.apple.product-type.bundle.unit-test";
		};
		0AC8EF691F71826200E86DD6 /* FieldAppUITests */ = {
			isa = PBXNativeTarget;
			buildConfigurationList = 0AC8EF791F71826200E86DD6 /* Build configuration list for PBXNativeTarget "FieldAppUITests" */;
			buildPhases = (
				79B9E339BE6C7F85C898DA1D /* [CP] Check Pods Manifest.lock */,
				0AC8EF661F71826200E86DD6 /* Sources */,
				0AC8EF671F71826200E86DD6 /* Frameworks */,
				0AC8EF681F71826200E86DD6 /* Resources */,
				3AFCAF9169F24BE44DD71B0B /* [CP] Embed Pods Frameworks */,
				0CE6BD8A343DD6D68C8984CF /* [CP] Copy Pods Resources */,
			);
			buildRules = (
			);
			dependencies = (
				0AC8EF6C1F71826200E86DD6 /* PBXTargetDependency */,
			);
			name = FieldAppUITests;
			productName = FieldAppUITests;
			productReference = 0AC8EF6A1F71826200E86DD6 /* FieldAppUITests.xctest */;
			productType = "com.apple.product-type.bundle.ui-testing";
		};
/* End PBXNativeTarget section */

/* Begin PBXProject section */
		0AC8EF431F71826200E86DD6 /* Project object */ = {
			isa = PBXProject;
			attributes = {
				LastSwiftUpdateCheck = 0830;
				LastUpgradeCheck = 0830;
				ORGANIZATIONNAME = "Kevin Bradbury";
				TargetAttributes = {
					0AC8EF4A1F71826200E86DD6 = {
						CreatedOnToolsVersion = 8.3.3;
						DevelopmentTeam = 3TAADZBCK9;
						ProvisioningStyle = Automatic;
						SystemCapabilities = {
							com.apple.BackgroundModes = {
								enabled = 1;
							};
							com.apple.Push = {
								enabled = 1;
							};
						};
					};
					0AC8EF5E1F71826200E86DD6 = {
						CreatedOnToolsVersion = 8.3.3;
						DevelopmentTeam = 3TAADZBCK9;
						ProvisioningStyle = Automatic;
						TestTargetID = 0AC8EF4A1F71826200E86DD6;
					};
					0AC8EF691F71826200E86DD6 = {
						CreatedOnToolsVersion = 8.3.3;
						DevelopmentTeam = 3TAADZBCK9;
						ProvisioningStyle = Automatic;
						TestTargetID = 0AC8EF4A1F71826200E86DD6;
					};
				};
			};
			buildConfigurationList = 0AC8EF461F71826200E86DD6 /* Build configuration list for PBXProject "FieldApp" */;
			compatibilityVersion = "Xcode 3.2";
			developmentRegion = English;
			hasScannedForEncodings = 0;
			knownRegions = (
				en,
				Base,
			);
			mainGroup = 0AC8EF421F71826200E86DD6;
			productRefGroup = 0AC8EF4C1F71826200E86DD6 /* Products */;
			projectDirPath = "";
			projectRoot = "";
			targets = (
				0AC8EF4A1F71826200E86DD6 /* FieldApp */,
				0AC8EF5E1F71826200E86DD6 /* FieldAppTests */,
				0AC8EF691F71826200E86DD6 /* FieldAppUITests */,
			);
		};
/* End PBXProject section */

/* Begin PBXResourcesBuildPhase section */
		0AC8EF491F71826200E86DD6 /* Resources */ = {
			isa = PBXResourcesBuildPhase;
			buildActionMask = 2147483647;
			files = (
				0AC8EF591F71826200E86DD6 /* LaunchScreen.storyboard in Resources */,
				0AB8AE851F7AC80900E1ACFC /* GoogleService-Info.plist in Resources */,
				0AC8EF561F71826200E86DD6 /* Assets.xcassets in Resources */,
				0AC8EF541F71826200E86DD6 /* Main.storyboard in Resources */,
			);
			runOnlyForDeploymentPostprocessing = 0;
		};
		0AC8EF5D1F71826200E86DD6 /* Resources */ = {
			isa = PBXResourcesBuildPhase;
			buildActionMask = 2147483647;
			files = (
			);
			runOnlyForDeploymentPostprocessing = 0;
		};
		0AC8EF681F71826200E86DD6 /* Resources */ = {
			isa = PBXResourcesBuildPhase;
			buildActionMask = 2147483647;
			files = (
			);
			runOnlyForDeploymentPostprocessing = 0;
		};
/* End PBXResourcesBuildPhase section */

/* Begin PBXShellScriptBuildPhase section */
		066948B4178A702CA3C66695 /* [CP] Embed Pods Frameworks */ = {
			isa = PBXShellScriptBuildPhase;
			buildActionMask = 2147483647;
			files = (
			);
			inputPaths = (
				"${SRCROOT}/Pods/Target Support Files/Pods-FieldApp/Pods-FieldApp-frameworks.sh",
				"${BUILT_PRODUCTS_DIR}/GTMSessionFetcher/GTMSessionFetcher.framework",
				"${BUILT_PRODUCTS_DIR}/GoogleToolboxForMac/GoogleToolboxForMac.framework",
				"${BUILT_PRODUCTS_DIR}/leveldb-library/leveldb.framework",
				"${BUILT_PRODUCTS_DIR}/nanopb/nanopb.framework",
			);
			name = "[CP] Embed Pods Frameworks";
			outputPaths = (
				"${TARGET_BUILD_DIR}/${FRAMEWORKS_FOLDER_PATH}/GTMSessionFetcher.framework",
				"${TARGET_BUILD_DIR}/${FRAMEWORKS_FOLDER_PATH}/GoogleToolboxForMac.framework",
				"${TARGET_BUILD_DIR}/${FRAMEWORKS_FOLDER_PATH}/leveldb.framework",
				"${TARGET_BUILD_DIR}/${FRAMEWORKS_FOLDER_PATH}/nanopb.framework",
			);
			runOnlyForDeploymentPostprocessing = 0;
			shellPath = /bin/sh;
			shellScript = "\"${SRCROOT}/Pods/Target Support Files/Pods-FieldApp/Pods-FieldApp-frameworks.sh\"\n";
			showEnvVarsInLog = 0;
		};
		0CE6BD8A343DD6D68C8984CF /* [CP] Copy Pods Resources */ = {
			isa = PBXShellScriptBuildPhase;
			buildActionMask = 2147483647;
			files = (
			);
			inputPaths = (
			);
			name = "[CP] Copy Pods Resources";
			outputPaths = (
			);
			runOnlyForDeploymentPostprocessing = 0;
			shellPath = /bin/sh;
			shellScript = "\"${SRCROOT}/Pods/Target Support Files/Pods-FieldAppUITests/Pods-FieldAppUITests-resources.sh\"\n";
			showEnvVarsInLog = 0;
		};
		19D8E3F04EE6B20C1B16196E /* [CP] Embed Pods Frameworks */ = {
			isa = PBXShellScriptBuildPhase;
			buildActionMask = 2147483647;
			files = (
			);
			inputPaths = (
			);
			name = "[CP] Embed Pods Frameworks";
			outputPaths = (
			);
			runOnlyForDeploymentPostprocessing = 0;
			shellPath = /bin/sh;
			shellScript = "\"${SRCROOT}/Pods/Target Support Files/Pods-FieldAppTests/Pods-FieldAppTests-frameworks.sh\"\n";
			showEnvVarsInLog = 0;
		};
		1E22205A05D6EC6442C24F53 /* [CP] Copy Pods Resources */ = {
			isa = PBXShellScriptBuildPhase;
			buildActionMask = 2147483647;
			files = (
			);
			inputPaths = (
			);
			name = "[CP] Copy Pods Resources";
			outputPaths = (
			);
			runOnlyForDeploymentPostprocessing = 0;
			shellPath = /bin/sh;
			shellScript = "\"${SRCROOT}/Pods/Target Support Files/Pods-FieldApp/Pods-FieldApp-resources.sh\"\n";
			showEnvVarsInLog = 0;
		};
		3AFCAF9169F24BE44DD71B0B /* [CP] Embed Pods Frameworks */ = {
			isa = PBXShellScriptBuildPhase;
			buildActionMask = 2147483647;
			files = (
			);
			inputPaths = (
			);
			name = "[CP] Embed Pods Frameworks";
			outputPaths = (
			);
			runOnlyForDeploymentPostprocessing = 0;
			shellPath = /bin/sh;
			shellScript = "\"${SRCROOT}/Pods/Target Support Files/Pods-FieldAppUITests/Pods-FieldAppUITests-frameworks.sh\"\n";
			showEnvVarsInLog = 0;
		};
		79B9E339BE6C7F85C898DA1D /* [CP] Check Pods Manifest.lock */ = {
			isa = PBXShellScriptBuildPhase;
			buildActionMask = 2147483647;
			files = (
			);
			inputPaths = (
				"${PODS_PODFILE_DIR_PATH}/Podfile.lock",
				"${PODS_ROOT}/Manifest.lock",
			);
			name = "[CP] Check Pods Manifest.lock";
			outputPaths = (
				"$(DERIVED_FILE_DIR)/Pods-FieldAppUITests-checkManifestLockResult.txt",
			);
			runOnlyForDeploymentPostprocessing = 0;
			shellPath = /bin/sh;
			shellScript = "diff \"${PODS_PODFILE_DIR_PATH}/Podfile.lock\" \"${PODS_ROOT}/Manifest.lock\" > /dev/null\nif [ $? != 0 ] ; then\n    # print error to STDERR\n    echo \"error: The sandbox is not in sync with the Podfile.lock. Run 'pod install' or update your CocoaPods installation.\" >&2\n    exit 1\nfi\n# This output is used by Xcode 'outputs' to avoid re-running this script phase.\necho \"SUCCESS\" > \"${SCRIPT_OUTPUT_FILE_0}\"\n";
			showEnvVarsInLog = 0;
		};
		9B8C5C32649AC626B3227309 /* [CP] Check Pods Manifest.lock */ = {
			isa = PBXShellScriptBuildPhase;
			buildActionMask = 2147483647;
			files = (
			);
			inputPaths = (
				"${PODS_PODFILE_DIR_PATH}/Podfile.lock",
				"${PODS_ROOT}/Manifest.lock",
			);
			name = "[CP] Check Pods Manifest.lock";
			outputPaths = (
				"$(DERIVED_FILE_DIR)/Pods-FieldAppTests-checkManifestLockResult.txt",
			);
			runOnlyForDeploymentPostprocessing = 0;
			shellPath = /bin/sh;
			shellScript = "diff \"${PODS_PODFILE_DIR_PATH}/Podfile.lock\" \"${PODS_ROOT}/Manifest.lock\" > /dev/null\nif [ $? != 0 ] ; then\n    # print error to STDERR\n    echo \"error: The sandbox is not in sync with the Podfile.lock. Run 'pod install' or update your CocoaPods installation.\" >&2\n    exit 1\nfi\n# This output is used by Xcode 'outputs' to avoid re-running this script phase.\necho \"SUCCESS\" > \"${SCRIPT_OUTPUT_FILE_0}\"\n";
			showEnvVarsInLog = 0;
		};
		A427E0C7FE8FF3359E4AC2C7 /* [CP] Copy Pods Resources */ = {
			isa = PBXShellScriptBuildPhase;
			buildActionMask = 2147483647;
			files = (
			);
			inputPaths = (
			);
			name = "[CP] Copy Pods Resources";
			outputPaths = (
			);
			runOnlyForDeploymentPostprocessing = 0;
			shellPath = /bin/sh;
			shellScript = "\"${SRCROOT}/Pods/Target Support Files/Pods-FieldAppTests/Pods-FieldAppTests-resources.sh\"\n";
			showEnvVarsInLog = 0;
		};
		E30E310CECD4C1E24AD31F4C /* [CP] Check Pods Manifest.lock */ = {
			isa = PBXShellScriptBuildPhase;
			buildActionMask = 2147483647;
			files = (
			);
			inputPaths = (
				"${PODS_PODFILE_DIR_PATH}/Podfile.lock",
				"${PODS_ROOT}/Manifest.lock",
			);
			name = "[CP] Check Pods Manifest.lock";
			outputPaths = (
				"$(DERIVED_FILE_DIR)/Pods-FieldApp-checkManifestLockResult.txt",
			);
			runOnlyForDeploymentPostprocessing = 0;
			shellPath = /bin/sh;
			shellScript = "diff \"${PODS_PODFILE_DIR_PATH}/Podfile.lock\" \"${PODS_ROOT}/Manifest.lock\" > /dev/null\nif [ $? != 0 ] ; then\n    # print error to STDERR\n    echo \"error: The sandbox is not in sync with the Podfile.lock. Run 'pod install' or update your CocoaPods installation.\" >&2\n    exit 1\nfi\n# This output is used by Xcode 'outputs' to avoid re-running this script phase.\necho \"SUCCESS\" > \"${SCRIPT_OUTPUT_FILE_0}\"\n";
			showEnvVarsInLog = 0;
		};
/* End PBXShellScriptBuildPhase section */

/* Begin PBXSourcesBuildPhase section */
		0AC8EF471F71826200E86DD6 /* Sources */ = {
			isa = PBXSourcesBuildPhase;
			buildActionMask = 2147483647;
			files = (
				0AC8EF831F71E69400E86DD6 /* APICalls.swift in Sources */,
				0AB8AE7E1F7ABE5800E1ACFC /* HomeView.swift in Sources */,
				0AC8EF511F71826200E86DD6 /* LoginViewController.swift in Sources */,
				0AC8EF811F71E31000E86DD6 /* GeoCodingAPIcall.swift in Sources */,
				0AC8EF7F1F71854C00E86DD6 /* DataStructure.swift in Sources */,
				0AC8EF4F1F71826200E86DD6 /* AppDelegate.swift in Sources */,
				0AC8EF7D1F71842F00E86DD6 /* LocationManager.swift in Sources */,
				06B7D4911FEAE42300DB5DA5 /* EmployeeIDEntry.swift in Sources */,
			);
			runOnlyForDeploymentPostprocessing = 0;
		};
		0AC8EF5B1F71826200E86DD6 /* Sources */ = {
			isa = PBXSourcesBuildPhase;
			buildActionMask = 2147483647;
			files = (
				0AC8EF641F71826200E86DD6 /* FieldAppTests.swift in Sources */,
			);
			runOnlyForDeploymentPostprocessing = 0;
		};
		0AC8EF661F71826200E86DD6 /* Sources */ = {
			isa = PBXSourcesBuildPhase;
			buildActionMask = 2147483647;
			files = (
				0AC8EF6F1F71826200E86DD6 /* FieldAppUITests.swift in Sources */,
			);
			runOnlyForDeploymentPostprocessing = 0;
		};
/* End PBXSourcesBuildPhase section */

/* Begin PBXTargetDependency section */
		0AC8EF611F71826200E86DD6 /* PBXTargetDependency */ = {
			isa = PBXTargetDependency;
			target = 0AC8EF4A1F71826200E86DD6 /* FieldApp */;
			targetProxy = 0AC8EF601F71826200E86DD6 /* PBXContainerItemProxy */;
		};
		0AC8EF6C1F71826200E86DD6 /* PBXTargetDependency */ = {
			isa = PBXTargetDependency;
			target = 0AC8EF4A1F71826200E86DD6 /* FieldApp */;
			targetProxy = 0AC8EF6B1F71826200E86DD6 /* PBXContainerItemProxy */;
		};
/* End PBXTargetDependency section */

/* Begin PBXVariantGroup section */
		0AC8EF521F71826200E86DD6 /* Main.storyboard */ = {
			isa = PBXVariantGroup;
			children = (
				0AC8EF531F71826200E86DD6 /* Base */,
			);
			name = Main.storyboard;
			sourceTree = "<group>";
		};
		0AC8EF571F71826200E86DD6 /* LaunchScreen.storyboard */ = {
			isa = PBXVariantGroup;
			children = (
				0AC8EF581F71826200E86DD6 /* Base */,
			);
			name = LaunchScreen.storyboard;
			sourceTree = "<group>";
		};
/* End PBXVariantGroup section */

/* Begin XCBuildConfiguration section */
		0AC8EF711F71826200E86DD6 /* Debug */ = {
			isa = XCBuildConfiguration;
			buildSettings = {
				ALWAYS_SEARCH_USER_PATHS = NO;
				CLANG_ANALYZER_NONNULL = YES;
				CLANG_ANALYZER_NUMBER_OBJECT_CONVERSION = YES_AGGRESSIVE;
				CLANG_CXX_LANGUAGE_STANDARD = "gnu++0x";
				CLANG_CXX_LIBRARY = "libc++";
				CLANG_ENABLE_MODULES = YES;
				CLANG_ENABLE_OBJC_ARC = YES;
				CLANG_WARN_BOOL_CONVERSION = YES;
				CLANG_WARN_CONSTANT_CONVERSION = YES;
				CLANG_WARN_DIRECT_OBJC_ISA_USAGE = YES_ERROR;
				CLANG_WARN_DOCUMENTATION_COMMENTS = YES;
				CLANG_WARN_EMPTY_BODY = YES;
				CLANG_WARN_ENUM_CONVERSION = YES;
				CLANG_WARN_INFINITE_RECURSION = YES;
				CLANG_WARN_INT_CONVERSION = YES;
				CLANG_WARN_OBJC_ROOT_CLASS = YES_ERROR;
				CLANG_WARN_SUSPICIOUS_MOVE = YES;
				CLANG_WARN_UNREACHABLE_CODE = YES;
				CLANG_WARN__DUPLICATE_METHOD_MATCH = YES;
				"CODE_SIGN_IDENTITY[sdk=iphoneos*]" = "iPhone Developer";
				COPY_PHASE_STRIP = NO;
				DEBUG_INFORMATION_FORMAT = dwarf;
				ENABLE_STRICT_OBJC_MSGSEND = YES;
				ENABLE_TESTABILITY = YES;
				GCC_C_LANGUAGE_STANDARD = gnu99;
				GCC_DYNAMIC_NO_PIC = NO;
				GCC_NO_COMMON_BLOCKS = YES;
				GCC_OPTIMIZATION_LEVEL = 0;
				GCC_PREPROCESSOR_DEFINITIONS = (
					"DEBUG=1",
					"$(inherited)",
				);
				GCC_WARN_64_TO_32_BIT_CONVERSION = YES;
				GCC_WARN_ABOUT_RETURN_TYPE = YES_ERROR;
				GCC_WARN_UNDECLARED_SELECTOR = YES;
				GCC_WARN_UNINITIALIZED_AUTOS = YES_AGGRESSIVE;
				GCC_WARN_UNUSED_FUNCTION = YES;
				GCC_WARN_UNUSED_VARIABLE = YES;
				IPHONEOS_DEPLOYMENT_TARGET = 10.3;
				MTL_ENABLE_DEBUG_INFO = YES;
				ONLY_ACTIVE_ARCH = YES;
				SDKROOT = iphoneos;
				SWIFT_ACTIVE_COMPILATION_CONDITIONS = DEBUG;
				SWIFT_OPTIMIZATION_LEVEL = "-Onone";
			};
			name = Debug;
		};
		0AC8EF721F71826200E86DD6 /* Release */ = {
			isa = XCBuildConfiguration;
			buildSettings = {
				ALWAYS_SEARCH_USER_PATHS = NO;
				CLANG_ANALYZER_NONNULL = YES;
				CLANG_ANALYZER_NUMBER_OBJECT_CONVERSION = YES_AGGRESSIVE;
				CLANG_CXX_LANGUAGE_STANDARD = "gnu++0x";
				CLANG_CXX_LIBRARY = "libc++";
				CLANG_ENABLE_MODULES = YES;
				CLANG_ENABLE_OBJC_ARC = YES;
				CLANG_WARN_BOOL_CONVERSION = YES;
				CLANG_WARN_CONSTANT_CONVERSION = YES;
				CLANG_WARN_DIRECT_OBJC_ISA_USAGE = YES_ERROR;
				CLANG_WARN_DOCUMENTATION_COMMENTS = YES;
				CLANG_WARN_EMPTY_BODY = YES;
				CLANG_WARN_ENUM_CONVERSION = YES;
				CLANG_WARN_INFINITE_RECURSION = YES;
				CLANG_WARN_INT_CONVERSION = YES;
				CLANG_WARN_OBJC_ROOT_CLASS = YES_ERROR;
				CLANG_WARN_SUSPICIOUS_MOVE = YES;
				CLANG_WARN_UNREACHABLE_CODE = YES;
				CLANG_WARN__DUPLICATE_METHOD_MATCH = YES;
				"CODE_SIGN_IDENTITY[sdk=iphoneos*]" = "iPhone Developer";
				COPY_PHASE_STRIP = NO;
				DEBUG_INFORMATION_FORMAT = "dwarf-with-dsym";
				ENABLE_NS_ASSERTIONS = NO;
				ENABLE_STRICT_OBJC_MSGSEND = YES;
				GCC_C_LANGUAGE_STANDARD = gnu99;
				GCC_NO_COMMON_BLOCKS = YES;
				GCC_WARN_64_TO_32_BIT_CONVERSION = YES;
				GCC_WARN_ABOUT_RETURN_TYPE = YES_ERROR;
				GCC_WARN_UNDECLARED_SELECTOR = YES;
				GCC_WARN_UNINITIALIZED_AUTOS = YES_AGGRESSIVE;
				GCC_WARN_UNUSED_FUNCTION = YES;
				GCC_WARN_UNUSED_VARIABLE = YES;
				IPHONEOS_DEPLOYMENT_TARGET = 10.3;
				MTL_ENABLE_DEBUG_INFO = NO;
				SDKROOT = iphoneos;
				SWIFT_OPTIMIZATION_LEVEL = "-Owholemodule";
				VALIDATE_PRODUCT = YES;
			};
			name = Release;
		};
		0AC8EF741F71826200E86DD6 /* Debug */ = {
			isa = XCBuildConfiguration;
			baseConfigurationReference = F2DDCA78CAE8AD06021AFC20 /* Pods-FieldApp.debug.xcconfig */;
			buildSettings = {
				ASSETCATALOG_COMPILER_APPICON_NAME = AppIcon;
				CODE_SIGN_ENTITLEMENTS = FieldApp/FieldApp.entitlements;
				"CODE_SIGN_IDENTITY[sdk=iphoneos*]" = "iPhone Developer";
				CODE_SIGN_STYLE = Automatic;
				DEVELOPMENT_TEAM = 3TAADZBCK9;
				INFOPLIST_FILE = FieldApp/Info.plist;
				LD_RUNPATH_SEARCH_PATHS = "$(inherited) @executable_path/Frameworks";
				PRODUCT_BUNDLE_IDENTIFIER = com.MillworkBros.FieldApp;
				PRODUCT_NAME = "$(TARGET_NAME)";
				PROVISIONING_PROFILE_SPECIFIER = "";
				SWIFT_VERSION = 3.0;
			};
			name = Debug;
		};
		0AC8EF751F71826200E86DD6 /* Release */ = {
			isa = XCBuildConfiguration;
			baseConfigurationReference = B4D63B4BDCF74205CB4D44B8 /* Pods-FieldApp.release.xcconfig */;
			buildSettings = {
				ASSETCATALOG_COMPILER_APPICON_NAME = AppIcon;
				CODE_SIGN_ENTITLEMENTS = FieldApp/FieldApp.entitlements;
				"CODE_SIGN_IDENTITY[sdk=iphoneos*]" = "iPhone Developer";
				CODE_SIGN_STYLE = Automatic;
				DEVELOPMENT_TEAM = 3TAADZBCK9;
				INFOPLIST_FILE = FieldApp/Info.plist;
				LD_RUNPATH_SEARCH_PATHS = "$(inherited) @executable_path/Frameworks";
				PRODUCT_BUNDLE_IDENTIFIER = com.MillworkBros.FieldApp;
				PRODUCT_NAME = "$(TARGET_NAME)";
				PROVISIONING_PROFILE_SPECIFIER = "";
				SWIFT_VERSION = 3.0;
			};
			name = Release;
		};
		0AC8EF771F71826200E86DD6 /* Debug */ = {
			isa = XCBuildConfiguration;
			baseConfigurationReference = 1E2024522E793B4144CFC3AA /* Pods-FieldAppTests.debug.xcconfig */;
			buildSettings = {
				ALWAYS_EMBED_SWIFT_STANDARD_LIBRARIES = YES;
				BUNDLE_LOADER = "$(TEST_HOST)";
				DEVELOPMENT_TEAM = 3TAADZBCK9;
				INFOPLIST_FILE = FieldAppTests/Info.plist;
				LD_RUNPATH_SEARCH_PATHS = "$(inherited) @executable_path/Frameworks @loader_path/Frameworks";
				PRODUCT_BUNDLE_IDENTIFIER = MillworkBros.FieldAppTests;
				PRODUCT_NAME = "$(TARGET_NAME)";
				SWIFT_VERSION = 3.0;
				TEST_HOST = "$(BUILT_PRODUCTS_DIR)/FieldApp.app/FieldApp";
			};
			name = Debug;
		};
		0AC8EF781F71826200E86DD6 /* Release */ = {
			isa = XCBuildConfiguration;
			baseConfigurationReference = B2EC9BA5659450164CA78ABF /* Pods-FieldAppTests.release.xcconfig */;
			buildSettings = {
				ALWAYS_EMBED_SWIFT_STANDARD_LIBRARIES = YES;
				BUNDLE_LOADER = "$(TEST_HOST)";
				DEVELOPMENT_TEAM = 3TAADZBCK9;
				INFOPLIST_FILE = FieldAppTests/Info.plist;
				LD_RUNPATH_SEARCH_PATHS = "$(inherited) @executable_path/Frameworks @loader_path/Frameworks";
				PRODUCT_BUNDLE_IDENTIFIER = MillworkBros.FieldAppTests;
				PRODUCT_NAME = "$(TARGET_NAME)";
				SWIFT_VERSION = 3.0;
				TEST_HOST = "$(BUILT_PRODUCTS_DIR)/FieldApp.app/FieldApp";
			};
			name = Release;
		};
		0AC8EF7A1F71826200E86DD6 /* Debug */ = {
			isa = XCBuildConfiguration;
			baseConfigurationReference = 24A6F559D4010D6CA18EDEC4 /* Pods-FieldAppUITests.debug.xcconfig */;
			buildSettings = {
				ALWAYS_EMBED_SWIFT_STANDARD_LIBRARIES = YES;
				DEVELOPMENT_TEAM = 3TAADZBCK9;
				INFOPLIST_FILE = FieldAppUITests/Info.plist;
				LD_RUNPATH_SEARCH_PATHS = "$(inherited) @executable_path/Frameworks @loader_path/Frameworks";
				PRODUCT_BUNDLE_IDENTIFIER = MillworkBros.FieldAppUITests;
				PRODUCT_NAME = "$(TARGET_NAME)";
				SWIFT_VERSION = 3.0;
				TEST_TARGET_NAME = FieldApp;
			};
			name = Debug;
		};
		0AC8EF7B1F71826200E86DD6 /* Release */ = {
			isa = XCBuildConfiguration;
			baseConfigurationReference = 9AFACD789E909EE0A8C92ECD /* Pods-FieldAppUITests.release.xcconfig */;
			buildSettings = {
				ALWAYS_EMBED_SWIFT_STANDARD_LIBRARIES = YES;
				DEVELOPMENT_TEAM = 3TAADZBCK9;
				INFOPLIST_FILE = FieldAppUITests/Info.plist;
				LD_RUNPATH_SEARCH_PATHS = "$(inherited) @executable_path/Frameworks @loader_path/Frameworks";
				PRODUCT_BUNDLE_IDENTIFIER = MillworkBros.FieldAppUITests;
				PRODUCT_NAME = "$(TARGET_NAME)";
				SWIFT_VERSION = 3.0;
				TEST_TARGET_NAME = FieldApp;
			};
			name = Release;
		};
/* End XCBuildConfiguration section */

/* Begin XCConfigurationList section */
		0AC8EF461F71826200E86DD6 /* Build configuration list for PBXProject "FieldApp" */ = {
			isa = XCConfigurationList;
			buildConfigurations = (
				0AC8EF711F71826200E86DD6 /* Debug */,
				0AC8EF721F71826200E86DD6 /* Release */,
			);
			defaultConfigurationIsVisible = 0;
			defaultConfigurationName = Release;
		};
		0AC8EF731F71826200E86DD6 /* Build configuration list for PBXNativeTarget "FieldApp" */ = {
			isa = XCConfigurationList;
			buildConfigurations = (
				0AC8EF741F71826200E86DD6 /* Debug */,
				0AC8EF751F71826200E86DD6 /* Release */,
			);
			defaultConfigurationIsVisible = 0;
			defaultConfigurationName = Release;
		};
		0AC8EF761F71826200E86DD6 /* Build configuration list for PBXNativeTarget "FieldAppTests" */ = {
			isa = XCConfigurationList;
			buildConfigurations = (
				0AC8EF771F71826200E86DD6 /* Debug */,
				0AC8EF781F71826200E86DD6 /* Release */,
			);
			defaultConfigurationIsVisible = 0;
			defaultConfigurationName = Release;
		};
		0AC8EF791F71826200E86DD6 /* Build configuration list for PBXNativeTarget "FieldAppUITests" */ = {
			isa = XCConfigurationList;
			buildConfigurations = (
				0AC8EF7A1F71826200E86DD6 /* Debug */,
				0AC8EF7B1F71826200E86DD6 /* Release */,
			);
			defaultConfigurationIsVisible = 0;
			defaultConfigurationName = Release;
		};
/* End XCConfigurationList section */
	};
	rootObject = 0AC8EF431F71826200E86DD6 /* Project object */;
}
